
Microsoft Visual Studio Solution File, Format Version 12.00
# Visual Studio Version 17
VisualStudioVersion = 17.0.31903.59
MinimumVisualStudioVersion = 10.0.40219.1
Project("{FAE04EC0-301F-11D3-BF4B-00C04F79EFBC}") = "Hello", "Hello\Hello.csproj", "{724B6404-297D-4C07-984B-A5B210F43BC3}"
EndProject
Project("{FAE04EC0-301F-11D3-BF4B-00C04F79EFBC}") = "Le1", "Le1\Le1.csproj", "{BFA18F3E-405F-4C0A-88A3-AA04F2E1A3ED}"
EndProject
Global
	GlobalSection(SolutionConfigurationPlatforms) = preSolution
		Debug|Any CPU = Debug|Any CPU
		Debug|x64 = Debug|x64
		Debug|x86 = Debug|x86
		Release|Any CPU = Release|Any CPU
		Release|x64 = Release|x64
		Release|x86 = Release|x86
	EndGlobalSection
	GlobalSection(ProjectConfigurationPlatforms) = postSolution
		{724B6404-297D-4C07-984B-A5B210F43BC3}.Debug|Any CPU.ActiveCfg = Debug|Any CPU
		{724B6404-297D-4C07-984B-A5B210F43BC3}.Debug|Any CPU.Build.0 = Debug|Any CPU
		{724B6404-297D-4C07-984B-A5B210F43BC3}.Debug|x64.ActiveCfg = Debug|Any CPU
		{724B6404-297D-4C07-984B-A5B210F43BC3}.Debug|x64.Build.0 = Debug|Any CPU
		{724B6404-297D-4C07-984B-A5B210F43BC3}.Debug|x86.ActiveCfg = Debug|Any CPU
		{724B6404-297D-4C07-984B-A5B210F43BC3}.Debug|x86.Build.0 = Debug|Any CPU
		{724B6404-297D-4C07-984B-A5B210F43BC3}.Release|Any CPU.ActiveCfg = Release|Any CPU
		{724B6404-297D-4C07-984B-A5B210F43BC3}.Release|Any CPU.Build.0 = Release|Any CPU
		{724B6404-297D-4C07-984B-A5B210F43BC3}.Release|x64.ActiveCfg = Release|Any CPU
		{724B6404-297D-4C07-984B-A5B210F43BC3}.Release|x64.Build.0 = Release|Any CPU
		{724B6404-297D-4C07-984B-A5B210F43BC3}.Release|x86.ActiveCfg = Release|Any CPU
		{724B6404-297D-4C07-984B-A5B210F43BC3}.Release|x86.Build.0 = Release|Any CPU
		{BFA18F3E-405F-4C0A-88A3-AA04F2E1A3ED}.Debug|Any CPU.ActiveCfg = Debug|Any CPU
		{BFA18F3E-405F-4C0A-88A3-AA04F2E1A3ED}.Debug|Any CPU.Build.0 = Debug|Any CPU
		{BFA18F3E-405F-4C0A-88A3-AA04F2E1A3ED}.Debug|x64.ActiveCfg = Debug|Any CPU
		{BFA18F3E-405F-4C0A-88A3-AA04F2E1A3ED}.Debug|x64.Build.0 = Debug|Any CPU
		{BFA18F3E-405F-4C0A-88A3-AA04F2E1A3ED}.Debug|x86.ActiveCfg = Debug|Any CPU
		{BFA18F3E-405F-4C0A-88A3-AA04F2E1A3ED}.Debug|x86.Build.0 = Debug|Any CPU
		{BFA18F3E-405F-4C0A-88A3-AA04F2E1A3ED}.Release|Any CPU.ActiveCfg = Release|Any CPU
		{BFA18F3E-405F-4C0A-88A3-AA04F2E1A3ED}.Release|Any CPU.Build.0 = Release|Any CPU
		{BFA18F3E-405F-4C0A-88A3-AA04F2E1A3ED}.Release|x64.ActiveCfg = Release|Any CPU
		{BFA18F3E-405F-4C0A-88A3-AA04F2E1A3ED}.Release|x64.Build.0 = Release|Any CPU
		{BFA18F3E-405F-4C0A-88A3-AA04F2E1A3ED}.Release|x86.ActiveCfg = Release|Any CPU
		{BFA18F3E-405F-4C0A-88A3-AA04F2E1A3ED}.Release|x86.Build.0 = Release|Any CPU
	EndGlobalSection
	GlobalSection(SolutionProperties) = preSolution
		HideSolutionNode = FALSE
	EndGlobalSection
EndGlobal
